
Microsoft Visual Studio Solution File, Format Version 12.00
# Visual Studio Version 16
VisualStudioVersion = 16.0.30413.136
MinimumVisualStudioVersion = 10.0.40219.1
Project("{FAE04EC0-301F-11D3-BF4B-00C04F79EFBC}") = "PredictionBuilder", "PredictionBuilder\PredictionBuilder.csproj", "{BEC271E0-28EB-49D6-9BC6-52E75872983B}"
EndProject
Global
	GlobalSection(SolutionConfigurationPlatforms) = preSolution
		Debug|Any CPU = Debug|Any CPU
		Release|Any CPU = Release|Any CPU
	EndGlobalSection
	GlobalSection(ProjectConfigurationPlatforms) = postSolution
		{BEC271E0-28EB-49D6-9BC6-52E75872983B}.Debug|Any CPU.ActiveCfg = Debug|Any CPU
		{BEC271E0-28EB-49D6-9BC6-52E75872983B}.Debug|Any CPU.Build.0 = Debug|Any CPU
		{BEC271E0-28EB-49D6-9BC6-52E75872983B}.Release|Any CPU.ActiveCfg = Release|Any CPU
		{BEC271E0-28EB-49D6-9BC6-52E75872983B}.Release|Any CPU.Build.0 = Release|Any CPU
	EndGlobalSection
	GlobalSection(SolutionProperties) = preSolution
		HideSolutionNode = FALSE
	EndGlobalSection
	GlobalSection(ExtensibilityGlobals) = postSolution
		SolutionGuid = {2480751A-BF1F-4B3F-B28B-D17ACA918FBD}
	EndGlobalSection
EndGlobal
